
Microsoft Visual Studio Solution File, Format Version 9.00
# Visual Studio 2005
Project("{8BC9CEB8-8B4A-11D0-8D11-00A0C91BC942}") = "glpk", "glpk.vcproj", "{36D3BC58-F7E8-43AD-BA6B-6F872066DA1F}"
EndProject
Global
	GlobalSection(SolutionConfigurationPlatforms) = preSolution
		Debug|Win32 = Debug|Win32
		Release|Win32 = Release|Win32
	EndGlobalSection
	GlobalSection(ProjectConfigurationPlatforms) = postSolution
		{36D3BC58-F7E8-43AD-BA6B-6F872066DA1F}.Debug|Win32.ActiveCfg = Debug|Win32
		{36D3BC58-F7E8-43AD-BA6B-6F872066DA1F}.Debug|Win32.Build.0 = Debug|Win32
		{36D3BC58-F7E8-43AD-BA6B-6F872066DA1F}.Release|Win32.ActiveCfg = Release|Win32
		{36D3BC58-F7E8-43AD-BA6B-6F872066DA1F}.Release|Win32.Build.0 = Release|Win32
	EndGlobalSection
	GlobalSection(SolutionProperties) = preSolution
		HideSolutionNode = FALSE
	EndGlobalSection
EndGlobal
