Microsoft Visual Studio Solution File, Format Version 10.00
# Visual Studio 2008
Project("{8BC9CEB8-8B4A-11D0-8D11-00A0C91BC942}") = "libepanet", "libepanet\libepanet.vcproj", "{88FD5F01-EE20-4DF6-B317-E911D53BF6AD}"
EndProject
Project("{8BC9CEB8-8B4A-11D0-8D11-00A0C91BC942}") = "libepanet_jni", "libepanet_jni\libepanet_jni.vcproj", "{30E915FF-CC2A-4E22-A86D-88196FD46E97}"
	ProjectSection(ProjectDependencies) = postProject
		{88FD5F01-EE20-4DF6-B317-E911D53BF6AD} = {88FD5F01-EE20-4DF6-B317-E911D53BF6AD}
	EndProjectSection
EndProject
Project("{8BC9CEB8-8B4A-11D0-8D11-00A0C91BC942}") = "tevasim", "tevasim\tevasim.vcproj", "{AF6C0C93-2D4D-4827-BB90-C74684E3969D}"
	ProjectSection(ProjectDependencies) = postProject
		{6BAC3F25-FE0C-4761-B031-32BE894FF13D} = {6BAC3F25-FE0C-4761-B031-32BE894FF13D}
		{6B1FD16E-413C-4FD6-84DD-63F52FDEFC94} = {6B1FD16E-413C-4FD6-84DD-63F52FDEFC94}
		{6CABD8AA-55E3-4ACE-98A1-2A09B9EBA500} = {6CABD8AA-55E3-4ACE-98A1-2A09B9EBA500}
		{0E8622BF-81DE-4956-9559-CB510FBFBCFF} = {0E8622BF-81DE-4956-9559-CB510FBFBCFF}
		{094F65F1-8102-4678-8EB5-9BC2FAEDC836} = {094F65F1-8102-4678-8EB5-9BC2FAEDC836}
		{26ED87FD-8587-4D7D-9829-321BD1796670} = {26ED87FD-8587-4D7D-9829-321BD1796670}
	EndProjectSection
EndProject
Project("{8BC9CEB8-8B4A-11D0-8D11-00A0C91BC942}") = "epanet", "epanet\epanet.vcproj", "{3D7587C9-F153-42A1-9FAA-4B791C01D0BA}"
EndProject
Project("{8BC9CEB8-8B4A-11D0-8D11-00A0C91BC942}") = "utilib", "..\..\..\..\tpl\acro\packages\utilib\mvs\v9\utilib.vcproj", "{6BAC3F25-FE0C-4761-B031-32BE894FF13D}"
EndProject
Project("{8BC9CEB8-8B4A-11D0-8D11-00A0C91BC942}") = "tso_lib", "..\..\..\tevaUtils\MSVS\tevaUtils\tso_lib\tso_lib.vcproj", "{3270E51E-E8D3-4EFA-8ACD-D51E20847CC4}"
EndProject
Project("{8BC9CEB8-8B4A-11D0-8D11-00A0C91BC942}") = "epanetmsx_lib", "epanetmsx_lib\epanetmsx_lib.vcproj", "{26ED87FD-8587-4D7D-9829-321BD1796670}"
	ProjectSection(ProjectDependencies) = postProject
		{094F65F1-8102-4678-8EB5-9BC2FAEDC836} = {094F65F1-8102-4678-8EB5-9BC2FAEDC836}
	EndProjectSection
EndProject
Project("{8BC9CEB8-8B4A-11D0-8D11-00A0C91BC942}") = "enl_lib", "enl_lib\enl_lib.vcproj", "{6B1FD16E-413C-4FD6-84DD-63F52FDEFC94}"
	ProjectSection(ProjectDependencies) = postProject
		{094F65F1-8102-4678-8EB5-9BC2FAEDC836} = {094F65F1-8102-4678-8EB5-9BC2FAEDC836}
	EndProjectSection
EndProject
Project("{8BC9CEB8-8B4A-11D0-8D11-00A0C91BC942}") = "envprint", "envprint\envprint.vcproj", "{EE555B4E-67A2-44A2-85E7-F2678D5B6A75}"
EndProject
Project("{8BC9CEB8-8B4A-11D0-8D11-00A0C91BC942}") = "LzmaLib", "..\..\..\..\tpl\lzma\C\Util\LzmaLib\LzmaLib.vcproj", "{6CABD8AA-55E3-4ACE-98A1-2A09B9EBA500}"
EndProject
Project("{8BC9CEB8-8B4A-11D0-8D11-00A0C91BC942}") = "epanet_msx", "epanet_msx\epanet_msx.vcproj", "{C1B97C90-3845-46BA-B4C7-884D9699BE70}"
	ProjectSection(ProjectDependencies) = postProject
		{26ED87FD-8587-4D7D-9829-321BD1796670} = {26ED87FD-8587-4D7D-9829-321BD1796670}
	EndProjectSection
EndProject
Project("{8BC9CEB8-8B4A-11D0-8D11-00A0C91BC942}") = "epanet_lib", "epanet_lib\epanet_lib.vcproj", "{094F65F1-8102-4678-8EB5-9BC2FAEDC836}"
EndProject
Project("{8BC9CEB8-8B4A-11D0-8D11-00A0C91BC942}") = "erd_lib", "..\..\..\tevaUtils\MSVS\tevaUtils\erd_lib\erd_lib.vcproj", "{0E8622BF-81DE-4956-9559-CB510FBFBCFF}"
EndProject
Global
	GlobalSection(SolutionConfigurationPlatforms) = preSolution
		Debug|Win32 = Debug|Win32
		Debug|x64 = Debug|x64
		Release|Win32 = Release|Win32
		Release|x64 = Release|x64
	EndGlobalSection
	GlobalSection(ProjectConfigurationPlatforms) = postSolution
		{88FD5F01-EE20-4DF6-B317-E911D53BF6AD}.Debug|Win32.ActiveCfg = Debug|Win32
		{88FD5F01-EE20-4DF6-B317-E911D53BF6AD}.Debug|Win32.Build.0 = Debug|Win32
		{88FD5F01-EE20-4DF6-B317-E911D53BF6AD}.Debug|x64.ActiveCfg = Debug|x64
		{88FD5F01-EE20-4DF6-B317-E911D53BF6AD}.Debug|x64.Build.0 = Debug|x64
		{88FD5F01-EE20-4DF6-B317-E911D53BF6AD}.Release|Win32.ActiveCfg = Release|Win32
		{88FD5F01-EE20-4DF6-B317-E911D53BF6AD}.Release|Win32.Build.0 = Release|Win32
		{88FD5F01-EE20-4DF6-B317-E911D53BF6AD}.Release|x64.ActiveCfg = Release|x64
		{88FD5F01-EE20-4DF6-B317-E911D53BF6AD}.Release|x64.Build.0 = Release|x64
		{30E915FF-CC2A-4E22-A86D-88196FD46E97}.Debug|Win32.ActiveCfg = Debug|Win32
		{30E915FF-CC2A-4E22-A86D-88196FD46E97}.Debug|Win32.Build.0 = Debug|Win32
		{30E915FF-CC2A-4E22-A86D-88196FD46E97}.Debug|x64.ActiveCfg = Debug|x64
		{30E915FF-CC2A-4E22-A86D-88196FD46E97}.Debug|x64.Build.0 = Debug|x64
		{30E915FF-CC2A-4E22-A86D-88196FD46E97}.Release|Win32.ActiveCfg = Release|Win32
		{30E915FF-CC2A-4E22-A86D-88196FD46E97}.Release|Win32.Build.0 = Release|Win32
		{30E915FF-CC2A-4E22-A86D-88196FD46E97}.Release|x64.ActiveCfg = Release|x64
		{30E915FF-CC2A-4E22-A86D-88196FD46E97}.Release|x64.Build.0 = Release|x64
		{AF6C0C93-2D4D-4827-BB90-C74684E3969D}.Debug|Win32.ActiveCfg = Debug|Win32
		{AF6C0C93-2D4D-4827-BB90-C74684E3969D}.Debug|Win32.Build.0 = Debug|Win32
		{AF6C0C93-2D4D-4827-BB90-C74684E3969D}.Debug|x64.ActiveCfg = Debug|x64
		{AF6C0C93-2D4D-4827-BB90-C74684E3969D}.Debug|x64.Build.0 = Debug|x64
		{AF6C0C93-2D4D-4827-BB90-C74684E3969D}.Release|Win32.ActiveCfg = Release|Win32
		{AF6C0C93-2D4D-4827-BB90-C74684E3969D}.Release|Win32.Build.0 = Release|Win32
		{AF6C0C93-2D4D-4827-BB90-C74684E3969D}.Release|x64.ActiveCfg = Release|x64
		{AF6C0C93-2D4D-4827-BB90-C74684E3969D}.Release|x64.Build.0 = Release|x64
		{3D7587C9-F153-42A1-9FAA-4B791C01D0BA}.Debug|Win32.ActiveCfg = Debug|Win32
		{3D7587C9-F153-42A1-9FAA-4B791C01D0BA}.Debug|Win32.Build.0 = Debug|Win32
		{3D7587C9-F153-42A1-9FAA-4B791C01D0BA}.Debug|x64.ActiveCfg = Debug|x64
		{3D7587C9-F153-42A1-9FAA-4B791C01D0BA}.Debug|x64.Build.0 = Debug|x64
		{3D7587C9-F153-42A1-9FAA-4B791C01D0BA}.Release|Win32.ActiveCfg = Release|Win32
		{3D7587C9-F153-42A1-9FAA-4B791C01D0BA}.Release|Win32.Build.0 = Release|Win32
		{3D7587C9-F153-42A1-9FAA-4B791C01D0BA}.Release|x64.ActiveCfg = Release|x64
		{3D7587C9-F153-42A1-9FAA-4B791C01D0BA}.Release|x64.Build.0 = Release|x64
		{6BAC3F25-FE0C-4761-B031-32BE894FF13D}.Debug|Win32.ActiveCfg = Debug|Win32
		{6BAC3F25-FE0C-4761-B031-32BE894FF13D}.Debug|Win32.Build.0 = Debug|Win32
		{6BAC3F25-FE0C-4761-B031-32BE894FF13D}.Debug|x64.ActiveCfg = Debug|x64
		{6BAC3F25-FE0C-4761-B031-32BE894FF13D}.Debug|x64.Build.0 = Debug|x64
		{6BAC3F25-FE0C-4761-B031-32BE894FF13D}.Release|Win32.ActiveCfg = Release|Win32
		{6BAC3F25-FE0C-4761-B031-32BE894FF13D}.Release|Win32.Build.0 = Release|Win32
		{6BAC3F25-FE0C-4761-B031-32BE894FF13D}.Release|x64.ActiveCfg = Release|x64
		{6BAC3F25-FE0C-4761-B031-32BE894FF13D}.Release|x64.Build.0 = Release|x64
		{3270E51E-E8D3-4EFA-8ACD-D51E20847CC4}.Debug|Win32.ActiveCfg = Debug|Win32
		{3270E51E-E8D3-4EFA-8ACD-D51E20847CC4}.Debug|Win32.Build.0 = Debug|Win32
		{3270E51E-E8D3-4EFA-8ACD-D51E20847CC4}.Debug|x64.ActiveCfg = Debug|x64
		{3270E51E-E8D3-4EFA-8ACD-D51E20847CC4}.Debug|x64.Build.0 = Debug|x64
		{3270E51E-E8D3-4EFA-8ACD-D51E20847CC4}.Release|Win32.ActiveCfg = Release|Win32
		{3270E51E-E8D3-4EFA-8ACD-D51E20847CC4}.Release|Win32.Build.0 = Release|Win32
		{3270E51E-E8D3-4EFA-8ACD-D51E20847CC4}.Release|x64.ActiveCfg = Release|x64
		{3270E51E-E8D3-4EFA-8ACD-D51E20847CC4}.Release|x64.Build.0 = Release|x64
		{26ED87FD-8587-4D7D-9829-321BD1796670}.Debug|Win32.ActiveCfg = Debug|Win32
		{26ED87FD-8587-4D7D-9829-321BD1796670}.Debug|Win32.Build.0 = Debug|Win32
		{26ED87FD-8587-4D7D-9829-321BD1796670}.Debug|x64.ActiveCfg = Debug|x64
		{26ED87FD-8587-4D7D-9829-321BD1796670}.Debug|x64.Build.0 = Debug|x64
		{26ED87FD-8587-4D7D-9829-321BD1796670}.Release|Win32.ActiveCfg = Release|Win32
		{26ED87FD-8587-4D7D-9829-321BD1796670}.Release|Win32.Build.0 = Release|Win32
		{26ED87FD-8587-4D7D-9829-321BD1796670}.Release|x64.ActiveCfg = Release|x64
		{26ED87FD-8587-4D7D-9829-321BD1796670}.Release|x64.Build.0 = Release|x64
		{6B1FD16E-413C-4FD6-84DD-63F52FDEFC94}.Debug|Win32.ActiveCfg = Debug|Win32
		{6B1FD16E-413C-4FD6-84DD-63F52FDEFC94}.Debug|Win32.Build.0 = Debug|Win32
		{6B1FD16E-413C-4FD6-84DD-63F52FDEFC94}.Debug|x64.ActiveCfg = Debug|x64
		{6B1FD16E-413C-4FD6-84DD-63F52FDEFC94}.Debug|x64.Build.0 = Debug|x64
		{6B1FD16E-413C-4FD6-84DD-63F52FDEFC94}.Release|Win32.ActiveCfg = Release|Win32
		{6B1FD16E-413C-4FD6-84DD-63F52FDEFC94}.Release|Win32.Build.0 = Release|Win32
		{6B1FD16E-413C-4FD6-84DD-63F52FDEFC94}.Release|x64.ActiveCfg = Release|x64
		{6B1FD16E-413C-4FD6-84DD-63F52FDEFC94}.Release|x64.Build.0 = Release|x64
		{EE555B4E-67A2-44A2-85E7-F2678D5B6A75}.Debug|Win32.ActiveCfg = Debug|Win32
		{EE555B4E-67A2-44A2-85E7-F2678D5B6A75}.Debug|Win32.Build.0 = Debug|Win32
		{EE555B4E-67A2-44A2-85E7-F2678D5B6A75}.Debug|x64.ActiveCfg = Debug|Win32
		{EE555B4E-67A2-44A2-85E7-F2678D5B6A75}.Release|Win32.ActiveCfg = Release|Win32
		{EE555B4E-67A2-44A2-85E7-F2678D5B6A75}.Release|Win32.Build.0 = Release|Win32
		{EE555B4E-67A2-44A2-85E7-F2678D5B6A75}.Release|x64.ActiveCfg = Release|Win32
		{6CABD8AA-55E3-4ACE-98A1-2A09B9EBA500}.Debug|Win32.ActiveCfg = Debug|Win32
		{6CABD8AA-55E3-4ACE-98A1-2A09B9EBA500}.Debug|Win32.Build.0 = Debug|Win32
		{6CABD8AA-55E3-4ACE-98A1-2A09B9EBA500}.Debug|x64.ActiveCfg = Debug|x64
		{6CABD8AA-55E3-4ACE-98A1-2A09B9EBA500}.Debug|x64.Build.0 = Debug|x64
		{6CABD8AA-55E3-4ACE-98A1-2A09B9EBA500}.Release|Win32.ActiveCfg = Release|Win32
		{6CABD8AA-55E3-4ACE-98A1-2A09B9EBA500}.Release|Win32.Build.0 = Release|Win32
		{6CABD8AA-55E3-4ACE-98A1-2A09B9EBA500}.Release|x64.ActiveCfg = Release|x64
		{6CABD8AA-55E3-4ACE-98A1-2A09B9EBA500}.Release|x64.Build.0 = Release|x64
		{C1B97C90-3845-46BA-B4C7-884D9699BE70}.Debug|Win32.ActiveCfg = Debug|Win32
		{C1B97C90-3845-46BA-B4C7-884D9699BE70}.Debug|Win32.Build.0 = Debug|Win32
		{C1B97C90-3845-46BA-B4C7-884D9699BE70}.Debug|x64.ActiveCfg = Debug|x64
		{C1B97C90-3845-46BA-B4C7-884D9699BE70}.Debug|x64.Build.0 = Debug|x64
		{C1B97C90-3845-46BA-B4C7-884D9699BE70}.Release|Win32.ActiveCfg = Release|Win32
		{C1B97C90-3845-46BA-B4C7-884D9699BE70}.Release|Win32.Build.0 = Release|Win32
		{C1B97C90-3845-46BA-B4C7-884D9699BE70}.Release|x64.ActiveCfg = Release|x64
		{C1B97C90-3845-46BA-B4C7-884D9699BE70}.Release|x64.Build.0 = Release|x64
		{094F65F1-8102-4678-8EB5-9BC2FAEDC836}.Debug|Win32.ActiveCfg = Debug|Win32
		{094F65F1-8102-4678-8EB5-9BC2FAEDC836}.Debug|Win32.Build.0 = Debug|Win32
		{094F65F1-8102-4678-8EB5-9BC2FAEDC836}.Debug|x64.ActiveCfg = Debug|x64
		{094F65F1-8102-4678-8EB5-9BC2FAEDC836}.Debug|x64.Build.0 = Debug|x64
		{094F65F1-8102-4678-8EB5-9BC2FAEDC836}.Release|Win32.ActiveCfg = Release|Win32
		{094F65F1-8102-4678-8EB5-9BC2FAEDC836}.Release|Win32.Build.0 = Release|Win32
		{094F65F1-8102-4678-8EB5-9BC2FAEDC836}.Release|x64.ActiveCfg = Release|x64
		{094F65F1-8102-4678-8EB5-9BC2FAEDC836}.Release|x64.Build.0 = Release|x64
		{0E8622BF-81DE-4956-9559-CB510FBFBCFF}.Debug|Win32.ActiveCfg = Debug|Win32
		{0E8622BF-81DE-4956-9559-CB510FBFBCFF}.Debug|Win32.Build.0 = Debug|Win32
		{0E8622BF-81DE-4956-9559-CB510FBFBCFF}.Debug|x64.ActiveCfg = Debug|x64
		{0E8622BF-81DE-4956-9559-CB510FBFBCFF}.Debug|x64.Build.0 = Debug|x64
		{0E8622BF-81DE-4956-9559-CB510FBFBCFF}.Release|Win32.ActiveCfg = Release|Win32
		{0E8622BF-81DE-4956-9559-CB510FBFBCFF}.Release|Win32.Build.0 = Release|Win32
		{0E8622BF-81DE-4956-9559-CB510FBFBCFF}.Release|x64.ActiveCfg = Release|x64
		{0E8622BF-81DE-4956-9559-CB510FBFBCFF}.Release|x64.Build.0 = Release|x64
	EndGlobalSection
	GlobalSection(SolutionProperties) = preSolution
		HideSolutionNode = FALSE
	EndGlobalSection
EndGlobal
