
Microsoft Visual Studio Solution File, Format Version 10.00
# Visual Studio 2008
Project("{8BC9CEB8-8B4A-11D0-8D11-00A0C91BC942}") = "libthreatassess", "libthreatassess\libthreatassess.vcproj", "{A1ADD65D-BD32-4BC5-ADB7-23A0624406F5}"
	ProjectSection(ProjectDependencies) = postProject
		{4F5E5969-82B3-4E2E-89A3-D8E6AE95891A} = {4F5E5969-82B3-4E2E-89A3-D8E6AE95891A}
	EndProjectSection
EndProject
Project("{8BC9CEB8-8B4A-11D0-8D11-00A0C91BC942}") = "libtsoutil", "..\..\..\tevaUtils\MSVS\tevaUtils\libtsoutil\libtsoutil.vcproj", "{4F5E5969-82B3-4E2E-89A3-D8E6AE95891A}"
EndProject
Project("{8BC9CEB8-8B4A-11D0-8D11-00A0C91BC942}") = "libHIAModule", "libHIAModule\libHIAModule.vcproj", "{E264123B-50B7-4E87-AD02-88B2427C16B6}"
	ProjectSection(ProjectDependencies) = postProject
		{926EBF34-2203-4ACB-A36C-719BCCCCB086} = {926EBF34-2203-4ACB-A36C-719BCCCCB086}
		{A1ADD65D-BD32-4BC5-ADB7-23A0624406F5} = {A1ADD65D-BD32-4BC5-ADB7-23A0624406F5}
		{F5ABC5BD-0366-44AD-96DF-5706ECDC7F2C} = {F5ABC5BD-0366-44AD-96DF-5706ECDC7F2C}
	EndProjectSection
EndProject
Project("{8BC9CEB8-8B4A-11D0-8D11-00A0C91BC942}") = "libAnalysisModule", "libAnalysisModule\libAnalysisModule.vcproj", "{926EBF34-2203-4ACB-A36C-719BCCCCB086}"
	ProjectSection(ProjectDependencies) = postProject
		{F5ABC5BD-0366-44AD-96DF-5706ECDC7F2C} = {F5ABC5BD-0366-44AD-96DF-5706ECDC7F2C}
	EndProjectSection
EndProject
Project("{8BC9CEB8-8B4A-11D0-8D11-00A0C91BC942}") = "ANLUtils", "..\..\..\..\..\ANLUtils_Library\VisualStudio\ANLUtils.vcproj", "{F5ABC5BD-0366-44AD-96DF-5706ECDC7F2C}"
EndProject
Project("{8BC9CEB8-8B4A-11D0-8D11-00A0C91BC942}") = "threat_assess", "threat_assess\threat_assess.vcproj", "{B5E49A96-E81D-44A9-83F8-58AEB6D024C0}"
	ProjectSection(ProjectDependencies) = postProject
		{A1ADD65D-BD32-4BC5-ADB7-23A0624406F5} = {A1ADD65D-BD32-4BC5-ADB7-23A0624406F5}
		{4F5E5969-82B3-4E2E-89A3-D8E6AE95891A} = {4F5E5969-82B3-4E2E-89A3-D8E6AE95891A}
	EndProjectSection
EndProject
Project("{8BC9CEB8-8B4A-11D0-8D11-00A0C91BC942}") = "testprobit", "testprobit\testprobit.vcproj", "{EDC6B8F6-3C4A-4F06-A78C-2A778CDEF0D6}"
EndProject
Project("{8BC9CEB8-8B4A-11D0-8D11-00A0C91BC942}") = "tso2Impact", "..\..\..\cat\MSVS\tso2Impact\tso2Impact.vcproj", "{6DABFD8B-FEA5-47CD-9E93-6C6F9160B083}"
	ProjectSection(ProjectDependencies) = postProject
		{6BAC3F25-FE0C-4761-B031-32BE894FF13D} = {6BAC3F25-FE0C-4761-B031-32BE894FF13D}
		{D10D6A2A-FF52-4F3A-BC6A-9C893430ACC2} = {D10D6A2A-FF52-4F3A-BC6A-9C893430ACC2}
		{A1ADD65D-BD32-4BC5-ADB7-23A0624406F5} = {A1ADD65D-BD32-4BC5-ADB7-23A0624406F5}
		{4F5E5969-82B3-4E2E-89A3-D8E6AE95891A} = {4F5E5969-82B3-4E2E-89A3-D8E6AE95891A}
		{094F65F1-8102-4678-8EB5-9BC2FAEDC836} = {094F65F1-8102-4678-8EB5-9BC2FAEDC836}
	EndProjectSection
EndProject
Project("{8BC9CEB8-8B4A-11D0-8D11-00A0C91BC942}") = "utilib", "..\..\..\..\tpl\acro\packages\utilib\mvs\v9\utilib.vcproj", "{6BAC3F25-FE0C-4761-B031-32BE894FF13D}"
EndProject
Project("{8BC9CEB8-8B4A-11D0-8D11-00A0C91BC942}") = "enutil_lib", "..\..\..\tevaUtils\MSVS\tevaUtils\enutil_lib\enutil_lib.vcproj", "{D10D6A2A-FF52-4F3A-BC6A-9C893430ACC2}"
EndProject
Project("{8BC9CEB8-8B4A-11D0-8D11-00A0C91BC942}") = "epanet_lib", "..\..\..\sim\MSVS\sim\epanet_lib\epanet_lib.vcproj", "{094F65F1-8102-4678-8EB5-9BC2FAEDC836}"
EndProject
Global
	GlobalSection(SolutionConfigurationPlatforms) = preSolution
		Debug|Win32 = Debug|Win32
		Debug|x64 = Debug|x64
		Release|Win32 = Release|Win32
		Release|x64 = Release|x64
	EndGlobalSection
	GlobalSection(ProjectConfigurationPlatforms) = postSolution
		{A1ADD65D-BD32-4BC5-ADB7-23A0624406F5}.Debug|Win32.ActiveCfg = Debug|Win32
		{A1ADD65D-BD32-4BC5-ADB7-23A0624406F5}.Debug|Win32.Build.0 = Debug|Win32
		{A1ADD65D-BD32-4BC5-ADB7-23A0624406F5}.Debug|x64.ActiveCfg = Debug|x64
		{A1ADD65D-BD32-4BC5-ADB7-23A0624406F5}.Debug|x64.Build.0 = Debug|x64
		{A1ADD65D-BD32-4BC5-ADB7-23A0624406F5}.Release|Win32.ActiveCfg = Release|Win32
		{A1ADD65D-BD32-4BC5-ADB7-23A0624406F5}.Release|Win32.Build.0 = Release|Win32
		{A1ADD65D-BD32-4BC5-ADB7-23A0624406F5}.Release|x64.ActiveCfg = Release|x64
		{A1ADD65D-BD32-4BC5-ADB7-23A0624406F5}.Release|x64.Build.0 = Release|x64
		{4F5E5969-82B3-4E2E-89A3-D8E6AE95891A}.Debug|Win32.ActiveCfg = Debug|Win32
		{4F5E5969-82B3-4E2E-89A3-D8E6AE95891A}.Debug|Win32.Build.0 = Debug|Win32
		{4F5E5969-82B3-4E2E-89A3-D8E6AE95891A}.Debug|x64.ActiveCfg = Debug|x64
		{4F5E5969-82B3-4E2E-89A3-D8E6AE95891A}.Debug|x64.Build.0 = Debug|x64
		{4F5E5969-82B3-4E2E-89A3-D8E6AE95891A}.Release|Win32.ActiveCfg = Release|Win32
		{4F5E5969-82B3-4E2E-89A3-D8E6AE95891A}.Release|Win32.Build.0 = Release|Win32
		{4F5E5969-82B3-4E2E-89A3-D8E6AE95891A}.Release|x64.ActiveCfg = Release|x64
		{4F5E5969-82B3-4E2E-89A3-D8E6AE95891A}.Release|x64.Build.0 = Release|x64
		{E264123B-50B7-4E87-AD02-88B2427C16B6}.Debug|Win32.ActiveCfg = Debug|Win32
		{E264123B-50B7-4E87-AD02-88B2427C16B6}.Debug|Win32.Build.0 = Debug|Win32
		{E264123B-50B7-4E87-AD02-88B2427C16B6}.Debug|x64.ActiveCfg = Debug|x64
		{E264123B-50B7-4E87-AD02-88B2427C16B6}.Debug|x64.Build.0 = Debug|x64
		{E264123B-50B7-4E87-AD02-88B2427C16B6}.Release|Win32.ActiveCfg = Release|Win32
		{E264123B-50B7-4E87-AD02-88B2427C16B6}.Release|Win32.Build.0 = Release|Win32
		{E264123B-50B7-4E87-AD02-88B2427C16B6}.Release|x64.ActiveCfg = Release|x64
		{E264123B-50B7-4E87-AD02-88B2427C16B6}.Release|x64.Build.0 = Release|x64
		{926EBF34-2203-4ACB-A36C-719BCCCCB086}.Debug|Win32.ActiveCfg = Debug|Win32
		{926EBF34-2203-4ACB-A36C-719BCCCCB086}.Debug|Win32.Build.0 = Debug|Win32
		{926EBF34-2203-4ACB-A36C-719BCCCCB086}.Debug|x64.ActiveCfg = Debug|x64
		{926EBF34-2203-4ACB-A36C-719BCCCCB086}.Debug|x64.Build.0 = Debug|x64
		{926EBF34-2203-4ACB-A36C-719BCCCCB086}.Release|Win32.ActiveCfg = Release|Win32
		{926EBF34-2203-4ACB-A36C-719BCCCCB086}.Release|Win32.Build.0 = Release|Win32
		{926EBF34-2203-4ACB-A36C-719BCCCCB086}.Release|x64.ActiveCfg = Release|x64
		{926EBF34-2203-4ACB-A36C-719BCCCCB086}.Release|x64.Build.0 = Release|x64
		{F5ABC5BD-0366-44AD-96DF-5706ECDC7F2C}.Debug|Win32.ActiveCfg = Debug|Win32
		{F5ABC5BD-0366-44AD-96DF-5706ECDC7F2C}.Debug|Win32.Build.0 = Debug|Win32
		{F5ABC5BD-0366-44AD-96DF-5706ECDC7F2C}.Debug|x64.ActiveCfg = Debug|x64
		{F5ABC5BD-0366-44AD-96DF-5706ECDC7F2C}.Debug|x64.Build.0 = Debug|x64
		{F5ABC5BD-0366-44AD-96DF-5706ECDC7F2C}.Release|Win32.ActiveCfg = Release|Win32
		{F5ABC5BD-0366-44AD-96DF-5706ECDC7F2C}.Release|Win32.Build.0 = Release|Win32
		{F5ABC5BD-0366-44AD-96DF-5706ECDC7F2C}.Release|x64.ActiveCfg = Release|x64
		{F5ABC5BD-0366-44AD-96DF-5706ECDC7F2C}.Release|x64.Build.0 = Release|x64
		{B5E49A96-E81D-44A9-83F8-58AEB6D024C0}.Debug|Win32.ActiveCfg = Debug|Win32
		{B5E49A96-E81D-44A9-83F8-58AEB6D024C0}.Debug|Win32.Build.0 = Debug|Win32
		{B5E49A96-E81D-44A9-83F8-58AEB6D024C0}.Debug|x64.ActiveCfg = Debug|x64
		{B5E49A96-E81D-44A9-83F8-58AEB6D024C0}.Debug|x64.Build.0 = Debug|x64
		{B5E49A96-E81D-44A9-83F8-58AEB6D024C0}.Release|Win32.ActiveCfg = Release|Win32
		{B5E49A96-E81D-44A9-83F8-58AEB6D024C0}.Release|Win32.Build.0 = Release|Win32
		{B5E49A96-E81D-44A9-83F8-58AEB6D024C0}.Release|x64.ActiveCfg = Release|x64
		{B5E49A96-E81D-44A9-83F8-58AEB6D024C0}.Release|x64.Build.0 = Release|x64
		{EDC6B8F6-3C4A-4F06-A78C-2A778CDEF0D6}.Debug|Win32.ActiveCfg = Debug|Win32
		{EDC6B8F6-3C4A-4F06-A78C-2A778CDEF0D6}.Debug|Win32.Build.0 = Debug|Win32
		{EDC6B8F6-3C4A-4F06-A78C-2A778CDEF0D6}.Debug|x64.ActiveCfg = Debug|x64
		{EDC6B8F6-3C4A-4F06-A78C-2A778CDEF0D6}.Debug|x64.Build.0 = Debug|x64
		{EDC6B8F6-3C4A-4F06-A78C-2A778CDEF0D6}.Release|Win32.ActiveCfg = Release|Win32
		{EDC6B8F6-3C4A-4F06-A78C-2A778CDEF0D6}.Release|Win32.Build.0 = Release|Win32
		{EDC6B8F6-3C4A-4F06-A78C-2A778CDEF0D6}.Release|x64.ActiveCfg = Release|x64
		{EDC6B8F6-3C4A-4F06-A78C-2A778CDEF0D6}.Release|x64.Build.0 = Release|x64
		{6DABFD8B-FEA5-47CD-9E93-6C6F9160B083}.Debug|Win32.ActiveCfg = Debug|Win32
		{6DABFD8B-FEA5-47CD-9E93-6C6F9160B083}.Debug|Win32.Build.0 = Debug|Win32
		{6DABFD8B-FEA5-47CD-9E93-6C6F9160B083}.Debug|x64.ActiveCfg = Debug|x64
		{6DABFD8B-FEA5-47CD-9E93-6C6F9160B083}.Release|Win32.ActiveCfg = Release|Win32
		{6DABFD8B-FEA5-47CD-9E93-6C6F9160B083}.Release|Win32.Build.0 = Release|Win32
		{6DABFD8B-FEA5-47CD-9E93-6C6F9160B083}.Release|x64.ActiveCfg = Release|Win32
		{6BAC3F25-FE0C-4761-B031-32BE894FF13D}.Debug|Win32.ActiveCfg = Debug|Win32
		{6BAC3F25-FE0C-4761-B031-32BE894FF13D}.Debug|Win32.Build.0 = Debug|Win32
		{6BAC3F25-FE0C-4761-B031-32BE894FF13D}.Debug|x64.ActiveCfg = Debug|x64
		{6BAC3F25-FE0C-4761-B031-32BE894FF13D}.Debug|x64.Build.0 = Debug|x64
		{6BAC3F25-FE0C-4761-B031-32BE894FF13D}.Release|Win32.ActiveCfg = Release|Win32
		{6BAC3F25-FE0C-4761-B031-32BE894FF13D}.Release|Win32.Build.0 = Release|Win32
		{6BAC3F25-FE0C-4761-B031-32BE894FF13D}.Release|x64.ActiveCfg = Release|x64
		{6BAC3F25-FE0C-4761-B031-32BE894FF13D}.Release|x64.Build.0 = Release|x64
		{D10D6A2A-FF52-4F3A-BC6A-9C893430ACC2}.Debug|Win32.ActiveCfg = Debug|Win32
		{D10D6A2A-FF52-4F3A-BC6A-9C893430ACC2}.Debug|Win32.Build.0 = Debug|Win32
		{D10D6A2A-FF52-4F3A-BC6A-9C893430ACC2}.Debug|x64.ActiveCfg = Debug|x64
		{D10D6A2A-FF52-4F3A-BC6A-9C893430ACC2}.Debug|x64.Build.0 = Debug|x64
		{D10D6A2A-FF52-4F3A-BC6A-9C893430ACC2}.Release|Win32.ActiveCfg = Release|Win32
		{D10D6A2A-FF52-4F3A-BC6A-9C893430ACC2}.Release|Win32.Build.0 = Release|Win32
		{D10D6A2A-FF52-4F3A-BC6A-9C893430ACC2}.Release|x64.ActiveCfg = Release|x64
		{D10D6A2A-FF52-4F3A-BC6A-9C893430ACC2}.Release|x64.Build.0 = Release|x64
		{094F65F1-8102-4678-8EB5-9BC2FAEDC836}.Debug|Win32.ActiveCfg = Debug|Win32
		{094F65F1-8102-4678-8EB5-9BC2FAEDC836}.Debug|Win32.Build.0 = Debug|Win32
		{094F65F1-8102-4678-8EB5-9BC2FAEDC836}.Debug|x64.ActiveCfg = Debug|x64
		{094F65F1-8102-4678-8EB5-9BC2FAEDC836}.Debug|x64.Build.0 = Debug|x64
		{094F65F1-8102-4678-8EB5-9BC2FAEDC836}.Release|Win32.ActiveCfg = Release|Win32
		{094F65F1-8102-4678-8EB5-9BC2FAEDC836}.Release|Win32.Build.0 = Release|Win32
		{094F65F1-8102-4678-8EB5-9BC2FAEDC836}.Release|x64.ActiveCfg = Release|x64
		{094F65F1-8102-4678-8EB5-9BC2FAEDC836}.Release|x64.Build.0 = Release|x64
	EndGlobalSection
	GlobalSection(SolutionProperties) = preSolution
		HideSolutionNode = FALSE
	EndGlobalSection
EndGlobal
