
Microsoft Visual Studio Solution File, Format Version 10.00
# Visual Studio 2008
Project("{8BC9CEB8-8B4A-11D0-8D11-00A0C91BC942}") = "tsoinfo", "tsoinfo\tsoinfo.vcproj", "{2AD93E87-9A27-44D3-AEF7-DBE78A89664E}"
	ProjectSection(ProjectDependencies) = postProject
		{3270E51E-E8D3-4EFA-8ACD-D51E20847CC4} = {3270E51E-E8D3-4EFA-8ACD-D51E20847CC4}
		{6CABD8AA-55E3-4ACE-98A1-2A09B9EBA500} = {6CABD8AA-55E3-4ACE-98A1-2A09B9EBA500}
		{0E8622BF-81DE-4956-9559-CB510FBFBCFF} = {0E8622BF-81DE-4956-9559-CB510FBFBCFF}
	EndProjectSection
EndProject
Project("{8BC9CEB8-8B4A-11D0-8D11-00A0C91BC942}") = "libTSO", "libTSO\libTSO.vcproj", "{7FAB5326-9C1E-4FEB-8069-719B5F50AA4D}"
	ProjectSection(ProjectDependencies) = postProject
		{4F5E5969-82B3-4E2E-89A3-D8E6AE95891A} = {4F5E5969-82B3-4E2E-89A3-D8E6AE95891A}
		{F5ABC5BD-0366-44AD-96DF-5706ECDC7F2C} = {F5ABC5BD-0366-44AD-96DF-5706ECDC7F2C}
		{C9D107FB-4615-4182-B35E-A643F67A5016} = {C9D107FB-4615-4182-B35E-A643F67A5016}
	EndProjectSection
EndProject
Project("{8BC9CEB8-8B4A-11D0-8D11-00A0C91BC942}") = "libtsoutil", "libtsoutil\libtsoutil.vcproj", "{4F5E5969-82B3-4E2E-89A3-D8E6AE95891A}"
	ProjectSection(ProjectDependencies) = postProject
		{6CABD8AA-55E3-4ACE-98A1-2A09B9EBA500} = {6CABD8AA-55E3-4ACE-98A1-2A09B9EBA500}
		{0E8622BF-81DE-4956-9559-CB510FBFBCFF} = {0E8622BF-81DE-4956-9559-CB510FBFBCFF}
	EndProjectSection
EndProject
Project("{8BC9CEB8-8B4A-11D0-8D11-00A0C91BC942}") = "ANLUtils", "..\..\..\..\..\ANLUtils_Library\VisualStudio\ANLUtils.vcproj", "{F5ABC5BD-0366-44AD-96DF-5706ECDC7F2C}"
EndProject
Project("{8BC9CEB8-8B4A-11D0-8D11-00A0C91BC942}") = "tsoseek", "tsoseek\tsoseek.vcproj", "{4D0D1F04-BCDA-4158-BA2C-8CEABBEAED8D}"
EndProject
Project("{8BC9CEB8-8B4A-11D0-8D11-00A0C91BC942}") = "tsodiff", "tsodiff\tsodiff.vcproj", "{5DE571C3-9788-40DB-97DE-6C0E3ADC6D02}"
	ProjectSection(ProjectDependencies) = postProject
		{3270E51E-E8D3-4EFA-8ACD-D51E20847CC4} = {3270E51E-E8D3-4EFA-8ACD-D51E20847CC4}
		{6CABD8AA-55E3-4ACE-98A1-2A09B9EBA500} = {6CABD8AA-55E3-4ACE-98A1-2A09B9EBA500}
		{0E8622BF-81DE-4956-9559-CB510FBFBCFF} = {0E8622BF-81DE-4956-9559-CB510FBFBCFF}
	EndProjectSection
EndProject
Project("{8BC9CEB8-8B4A-11D0-8D11-00A0C91BC942}") = "tso_lib", "tso_lib\tso_lib.vcproj", "{3270E51E-E8D3-4EFA-8ACD-D51E20847CC4}"
EndProject
Project("{8BC9CEB8-8B4A-11D0-8D11-00A0C91BC942}") = "enutil_lib", "enutil_lib\enutil_lib.vcproj", "{D10D6A2A-FF52-4F3A-BC6A-9C893430ACC2}"
	ProjectSection(ProjectDependencies) = postProject
		{3270E51E-E8D3-4EFA-8ACD-D51E20847CC4} = {3270E51E-E8D3-4EFA-8ACD-D51E20847CC4}
		{094F65F1-8102-4678-8EB5-9BC2FAEDC836} = {094F65F1-8102-4678-8EB5-9BC2FAEDC836}
	EndProjectSection
EndProject
Project("{8BC9CEB8-8B4A-11D0-8D11-00A0C91BC942}") = "epanet_lib", "..\..\..\sim\MSVS\sim\epanet_lib\epanet_lib.vcproj", "{094F65F1-8102-4678-8EB5-9BC2FAEDC836}"
EndProject
Project("{8BC9CEB8-8B4A-11D0-8D11-00A0C91BC942}") = "tso2text", "tso2text\tso2text.vcproj", "{2D29C961-C34A-4D8C-915F-58675AFE736A}"
	ProjectSection(ProjectDependencies) = postProject
		{3270E51E-E8D3-4EFA-8ACD-D51E20847CC4} = {3270E51E-E8D3-4EFA-8ACD-D51E20847CC4}
		{6CABD8AA-55E3-4ACE-98A1-2A09B9EBA500} = {6CABD8AA-55E3-4ACE-98A1-2A09B9EBA500}
		{0E8622BF-81DE-4956-9559-CB510FBFBCFF} = {0E8622BF-81DE-4956-9559-CB510FBFBCFF}
	EndProjectSection
EndProject
Project("{8BC9CEB8-8B4A-11D0-8D11-00A0C91BC942}") = "erd2text", "erd2text\erd2text.vcproj", "{F8BF1BB6-6227-44F2-99A2-62ABBDF6049A}"
	ProjectSection(ProjectDependencies) = postProject
		{3270E51E-E8D3-4EFA-8ACD-D51E20847CC4} = {3270E51E-E8D3-4EFA-8ACD-D51E20847CC4}
		{6CABD8AA-55E3-4ACE-98A1-2A09B9EBA500} = {6CABD8AA-55E3-4ACE-98A1-2A09B9EBA500}
		{0E8622BF-81DE-4956-9559-CB510FBFBCFF} = {0E8622BF-81DE-4956-9559-CB510FBFBCFF}
	EndProjectSection
EndProject
Project("{8BC9CEB8-8B4A-11D0-8D11-00A0C91BC942}") = "LzmaLib", "..\..\..\..\tpl\lzma\C\Util\LzmaLib\LzmaLib.vcproj", "{6CABD8AA-55E3-4ACE-98A1-2A09B9EBA500}"
EndProject
Project("{8BC9CEB8-8B4A-11D0-8D11-00A0C91BC942}") = "erd_lib", "erd_lib\erd_lib.vcproj", "{0E8622BF-81DE-4956-9559-CB510FBFBCFF}"
EndProject
Project("{8BC9CEB8-8B4A-11D0-8D11-00A0C91BC942}") = "fixmsxidx", "fixmsxidx\fixmsxidx.vcproj", "{91F5EDD5-8FBE-4A39-B5DA-924A715B2274}"
EndProject
Project("{8BC9CEB8-8B4A-11D0-8D11-00A0C91BC942}") = "libERD_JNI", "libERD_JNI\libERD_JNI.vcproj", "{C9D107FB-4615-4182-B35E-A643F67A5016}"
	ProjectSection(ProjectDependencies) = postProject
		{6CABD8AA-55E3-4ACE-98A1-2A09B9EBA500} = {6CABD8AA-55E3-4ACE-98A1-2A09B9EBA500}
		{F5ABC5BD-0366-44AD-96DF-5706ECDC7F2C} = {F5ABC5BD-0366-44AD-96DF-5706ECDC7F2C}
		{0E8622BF-81DE-4956-9559-CB510FBFBCFF} = {0E8622BF-81DE-4956-9559-CB510FBFBCFF}
	EndProjectSection
EndProject
Project("{8BC9CEB8-8B4A-11D0-8D11-00A0C91BC942}") = "liblzma_utils", "liblzma_utils\liblzma_utils.vcproj", "{D1C9A516-5507-4BF0-878C-3D8F66B52C9D}"
EndProject
Global
	GlobalSection(SolutionConfigurationPlatforms) = preSolution
		Debug|Win32 = Debug|Win32
		Debug|x64 = Debug|x64
		Release|Win32 = Release|Win32
		Release|x64 = Release|x64
	EndGlobalSection
	GlobalSection(ProjectConfigurationPlatforms) = postSolution
		{2AD93E87-9A27-44D3-AEF7-DBE78A89664E}.Debug|Win32.ActiveCfg = Debug|Win32
		{2AD93E87-9A27-44D3-AEF7-DBE78A89664E}.Debug|Win32.Build.0 = Debug|Win32
		{2AD93E87-9A27-44D3-AEF7-DBE78A89664E}.Debug|x64.ActiveCfg = Debug|x64
		{2AD93E87-9A27-44D3-AEF7-DBE78A89664E}.Debug|x64.Build.0 = Debug|x64
		{2AD93E87-9A27-44D3-AEF7-DBE78A89664E}.Release|Win32.ActiveCfg = Release|Win32
		{2AD93E87-9A27-44D3-AEF7-DBE78A89664E}.Release|Win32.Build.0 = Release|Win32
		{2AD93E87-9A27-44D3-AEF7-DBE78A89664E}.Release|x64.ActiveCfg = Release|x64
		{2AD93E87-9A27-44D3-AEF7-DBE78A89664E}.Release|x64.Build.0 = Release|x64
		{7FAB5326-9C1E-4FEB-8069-719B5F50AA4D}.Debug|Win32.ActiveCfg = Debug|Win32
		{7FAB5326-9C1E-4FEB-8069-719B5F50AA4D}.Debug|Win32.Build.0 = Debug|Win32
		{7FAB5326-9C1E-4FEB-8069-719B5F50AA4D}.Debug|x64.ActiveCfg = Debug|x64
		{7FAB5326-9C1E-4FEB-8069-719B5F50AA4D}.Debug|x64.Build.0 = Debug|x64
		{7FAB5326-9C1E-4FEB-8069-719B5F50AA4D}.Release|Win32.ActiveCfg = Release|Win32
		{7FAB5326-9C1E-4FEB-8069-719B5F50AA4D}.Release|Win32.Build.0 = Release|Win32
		{7FAB5326-9C1E-4FEB-8069-719B5F50AA4D}.Release|x64.ActiveCfg = Release|x64
		{7FAB5326-9C1E-4FEB-8069-719B5F50AA4D}.Release|x64.Build.0 = Release|x64
		{4F5E5969-82B3-4E2E-89A3-D8E6AE95891A}.Debug|Win32.ActiveCfg = Debug|Win32
		{4F5E5969-82B3-4E2E-89A3-D8E6AE95891A}.Debug|Win32.Build.0 = Debug|Win32
		{4F5E5969-82B3-4E2E-89A3-D8E6AE95891A}.Debug|x64.ActiveCfg = Debug|x64
		{4F5E5969-82B3-4E2E-89A3-D8E6AE95891A}.Debug|x64.Build.0 = Debug|x64
		{4F5E5969-82B3-4E2E-89A3-D8E6AE95891A}.Release|Win32.ActiveCfg = Release|Win32
		{4F5E5969-82B3-4E2E-89A3-D8E6AE95891A}.Release|Win32.Build.0 = Release|Win32
		{4F5E5969-82B3-4E2E-89A3-D8E6AE95891A}.Release|x64.ActiveCfg = Release|x64
		{4F5E5969-82B3-4E2E-89A3-D8E6AE95891A}.Release|x64.Build.0 = Release|x64
		{F5ABC5BD-0366-44AD-96DF-5706ECDC7F2C}.Debug|Win32.ActiveCfg = Debug|Win32
		{F5ABC5BD-0366-44AD-96DF-5706ECDC7F2C}.Debug|Win32.Build.0 = Debug|Win32
		{F5ABC5BD-0366-44AD-96DF-5706ECDC7F2C}.Debug|x64.ActiveCfg = Debug|x64
		{F5ABC5BD-0366-44AD-96DF-5706ECDC7F2C}.Debug|x64.Build.0 = Debug|x64
		{F5ABC5BD-0366-44AD-96DF-5706ECDC7F2C}.Release|Win32.ActiveCfg = Release|Win32
		{F5ABC5BD-0366-44AD-96DF-5706ECDC7F2C}.Release|Win32.Build.0 = Release|Win32
		{F5ABC5BD-0366-44AD-96DF-5706ECDC7F2C}.Release|x64.ActiveCfg = Release|x64
		{F5ABC5BD-0366-44AD-96DF-5706ECDC7F2C}.Release|x64.Build.0 = Release|x64
		{4D0D1F04-BCDA-4158-BA2C-8CEABBEAED8D}.Debug|Win32.ActiveCfg = Debug|Win32
		{4D0D1F04-BCDA-4158-BA2C-8CEABBEAED8D}.Debug|Win32.Build.0 = Debug|Win32
		{4D0D1F04-BCDA-4158-BA2C-8CEABBEAED8D}.Debug|x64.ActiveCfg = Debug|x64
		{4D0D1F04-BCDA-4158-BA2C-8CEABBEAED8D}.Debug|x64.Build.0 = Debug|x64
		{4D0D1F04-BCDA-4158-BA2C-8CEABBEAED8D}.Release|Win32.ActiveCfg = Release|Win32
		{4D0D1F04-BCDA-4158-BA2C-8CEABBEAED8D}.Release|Win32.Build.0 = Release|Win32
		{4D0D1F04-BCDA-4158-BA2C-8CEABBEAED8D}.Release|x64.ActiveCfg = Release|x64
		{4D0D1F04-BCDA-4158-BA2C-8CEABBEAED8D}.Release|x64.Build.0 = Release|x64
		{5DE571C3-9788-40DB-97DE-6C0E3ADC6D02}.Debug|Win32.ActiveCfg = Debug|Win32
		{5DE571C3-9788-40DB-97DE-6C0E3ADC6D02}.Debug|Win32.Build.0 = Debug|Win32
		{5DE571C3-9788-40DB-97DE-6C0E3ADC6D02}.Debug|x64.ActiveCfg = Debug|x64
		{5DE571C3-9788-40DB-97DE-6C0E3ADC6D02}.Debug|x64.Build.0 = Debug|x64
		{5DE571C3-9788-40DB-97DE-6C0E3ADC6D02}.Release|Win32.ActiveCfg = Release|Win32
		{5DE571C3-9788-40DB-97DE-6C0E3ADC6D02}.Release|Win32.Build.0 = Release|Win32
		{5DE571C3-9788-40DB-97DE-6C0E3ADC6D02}.Release|x64.ActiveCfg = Release|x64
		{5DE571C3-9788-40DB-97DE-6C0E3ADC6D02}.Release|x64.Build.0 = Release|x64
		{3270E51E-E8D3-4EFA-8ACD-D51E20847CC4}.Debug|Win32.ActiveCfg = Debug|Win32
		{3270E51E-E8D3-4EFA-8ACD-D51E20847CC4}.Debug|Win32.Build.0 = Debug|Win32
		{3270E51E-E8D3-4EFA-8ACD-D51E20847CC4}.Debug|x64.ActiveCfg = Debug|x64
		{3270E51E-E8D3-4EFA-8ACD-D51E20847CC4}.Debug|x64.Build.0 = Debug|x64
		{3270E51E-E8D3-4EFA-8ACD-D51E20847CC4}.Release|Win32.ActiveCfg = Release|Win32
		{3270E51E-E8D3-4EFA-8ACD-D51E20847CC4}.Release|Win32.Build.0 = Release|Win32
		{3270E51E-E8D3-4EFA-8ACD-D51E20847CC4}.Release|x64.ActiveCfg = Release|x64
		{3270E51E-E8D3-4EFA-8ACD-D51E20847CC4}.Release|x64.Build.0 = Release|x64
		{D10D6A2A-FF52-4F3A-BC6A-9C893430ACC2}.Debug|Win32.ActiveCfg = Debug|Win32
		{D10D6A2A-FF52-4F3A-BC6A-9C893430ACC2}.Debug|Win32.Build.0 = Debug|Win32
		{D10D6A2A-FF52-4F3A-BC6A-9C893430ACC2}.Debug|x64.ActiveCfg = Debug|x64
		{D10D6A2A-FF52-4F3A-BC6A-9C893430ACC2}.Debug|x64.Build.0 = Debug|x64
		{D10D6A2A-FF52-4F3A-BC6A-9C893430ACC2}.Release|Win32.ActiveCfg = Release|Win32
		{D10D6A2A-FF52-4F3A-BC6A-9C893430ACC2}.Release|Win32.Build.0 = Release|Win32
		{D10D6A2A-FF52-4F3A-BC6A-9C893430ACC2}.Release|x64.ActiveCfg = Release|x64
		{D10D6A2A-FF52-4F3A-BC6A-9C893430ACC2}.Release|x64.Build.0 = Release|x64
		{094F65F1-8102-4678-8EB5-9BC2FAEDC836}.Debug|Win32.ActiveCfg = Debug|Win32
		{094F65F1-8102-4678-8EB5-9BC2FAEDC836}.Debug|Win32.Build.0 = Debug|Win32
		{094F65F1-8102-4678-8EB5-9BC2FAEDC836}.Debug|x64.ActiveCfg = Debug|x64
		{094F65F1-8102-4678-8EB5-9BC2FAEDC836}.Debug|x64.Build.0 = Debug|x64
		{094F65F1-8102-4678-8EB5-9BC2FAEDC836}.Release|Win32.ActiveCfg = Release|Win32
		{094F65F1-8102-4678-8EB5-9BC2FAEDC836}.Release|Win32.Build.0 = Release|Win32
		{094F65F1-8102-4678-8EB5-9BC2FAEDC836}.Release|x64.ActiveCfg = Release|x64
		{094F65F1-8102-4678-8EB5-9BC2FAEDC836}.Release|x64.Build.0 = Release|x64
		{2D29C961-C34A-4D8C-915F-58675AFE736A}.Debug|Win32.ActiveCfg = Debug|Win32
		{2D29C961-C34A-4D8C-915F-58675AFE736A}.Debug|Win32.Build.0 = Debug|Win32
		{2D29C961-C34A-4D8C-915F-58675AFE736A}.Debug|x64.ActiveCfg = Debug|x64
		{2D29C961-C34A-4D8C-915F-58675AFE736A}.Debug|x64.Build.0 = Debug|x64
		{2D29C961-C34A-4D8C-915F-58675AFE736A}.Release|Win32.ActiveCfg = Release|Win32
		{2D29C961-C34A-4D8C-915F-58675AFE736A}.Release|Win32.Build.0 = Release|Win32
		{2D29C961-C34A-4D8C-915F-58675AFE736A}.Release|x64.ActiveCfg = Release|x64
		{2D29C961-C34A-4D8C-915F-58675AFE736A}.Release|x64.Build.0 = Release|x64
		{F8BF1BB6-6227-44F2-99A2-62ABBDF6049A}.Debug|Win32.ActiveCfg = Debug|Win32
		{F8BF1BB6-6227-44F2-99A2-62ABBDF6049A}.Debug|Win32.Build.0 = Debug|Win32
		{F8BF1BB6-6227-44F2-99A2-62ABBDF6049A}.Debug|x64.ActiveCfg = Debug|x64
		{F8BF1BB6-6227-44F2-99A2-62ABBDF6049A}.Debug|x64.Build.0 = Debug|x64
		{F8BF1BB6-6227-44F2-99A2-62ABBDF6049A}.Release|Win32.ActiveCfg = Release|Win32
		{F8BF1BB6-6227-44F2-99A2-62ABBDF6049A}.Release|Win32.Build.0 = Release|Win32
		{F8BF1BB6-6227-44F2-99A2-62ABBDF6049A}.Release|x64.ActiveCfg = Release|x64
		{F8BF1BB6-6227-44F2-99A2-62ABBDF6049A}.Release|x64.Build.0 = Release|x64
		{6CABD8AA-55E3-4ACE-98A1-2A09B9EBA500}.Debug|Win32.ActiveCfg = Debug|Win32
		{6CABD8AA-55E3-4ACE-98A1-2A09B9EBA500}.Debug|Win32.Build.0 = Debug|Win32
		{6CABD8AA-55E3-4ACE-98A1-2A09B9EBA500}.Debug|x64.ActiveCfg = Debug|x64
		{6CABD8AA-55E3-4ACE-98A1-2A09B9EBA500}.Debug|x64.Build.0 = Debug|x64
		{6CABD8AA-55E3-4ACE-98A1-2A09B9EBA500}.Release|Win32.ActiveCfg = Release|Win32
		{6CABD8AA-55E3-4ACE-98A1-2A09B9EBA500}.Release|Win32.Build.0 = Release|Win32
		{6CABD8AA-55E3-4ACE-98A1-2A09B9EBA500}.Release|x64.ActiveCfg = Release|x64
		{6CABD8AA-55E3-4ACE-98A1-2A09B9EBA500}.Release|x64.Build.0 = Release|x64
		{0E8622BF-81DE-4956-9559-CB510FBFBCFF}.Debug|Win32.ActiveCfg = Debug|Win32
		{0E8622BF-81DE-4956-9559-CB510FBFBCFF}.Debug|Win32.Build.0 = Debug|Win32
		{0E8622BF-81DE-4956-9559-CB510FBFBCFF}.Debug|x64.ActiveCfg = Debug|x64
		{0E8622BF-81DE-4956-9559-CB510FBFBCFF}.Debug|x64.Build.0 = Debug|x64
		{0E8622BF-81DE-4956-9559-CB510FBFBCFF}.Release|Win32.ActiveCfg = Release|Win32
		{0E8622BF-81DE-4956-9559-CB510FBFBCFF}.Release|Win32.Build.0 = Release|Win32
		{0E8622BF-81DE-4956-9559-CB510FBFBCFF}.Release|x64.ActiveCfg = Release|x64
		{0E8622BF-81DE-4956-9559-CB510FBFBCFF}.Release|x64.Build.0 = Release|x64
		{91F5EDD5-8FBE-4A39-B5DA-924A715B2274}.Debug|Win32.ActiveCfg = Debug|Win32
		{91F5EDD5-8FBE-4A39-B5DA-924A715B2274}.Debug|Win32.Build.0 = Debug|Win32
		{91F5EDD5-8FBE-4A39-B5DA-924A715B2274}.Debug|x64.ActiveCfg = Debug|Win32
		{91F5EDD5-8FBE-4A39-B5DA-924A715B2274}.Release|Win32.ActiveCfg = Release|Win32
		{91F5EDD5-8FBE-4A39-B5DA-924A715B2274}.Release|Win32.Build.0 = Release|Win32
		{91F5EDD5-8FBE-4A39-B5DA-924A715B2274}.Release|x64.ActiveCfg = Release|Win32
		{C9D107FB-4615-4182-B35E-A643F67A5016}.Debug|Win32.ActiveCfg = Debug|Win32
		{C9D107FB-4615-4182-B35E-A643F67A5016}.Debug|Win32.Build.0 = Debug|Win32
		{C9D107FB-4615-4182-B35E-A643F67A5016}.Debug|x64.ActiveCfg = Debug|x64
		{C9D107FB-4615-4182-B35E-A643F67A5016}.Debug|x64.Build.0 = Debug|x64
		{C9D107FB-4615-4182-B35E-A643F67A5016}.Release|Win32.ActiveCfg = Release|Win32
		{C9D107FB-4615-4182-B35E-A643F67A5016}.Release|Win32.Build.0 = Release|Win32
		{C9D107FB-4615-4182-B35E-A643F67A5016}.Release|x64.ActiveCfg = Release|Win32
		{D1C9A516-5507-4BF0-878C-3D8F66B52C9D}.Debug|Win32.ActiveCfg = Debug|Win32
		{D1C9A516-5507-4BF0-878C-3D8F66B52C9D}.Debug|Win32.Build.0 = Debug|Win32
		{D1C9A516-5507-4BF0-878C-3D8F66B52C9D}.Debug|x64.ActiveCfg = Debug|Win32
		{D1C9A516-5507-4BF0-878C-3D8F66B52C9D}.Release|Win32.ActiveCfg = Release|Win32
		{D1C9A516-5507-4BF0-878C-3D8F66B52C9D}.Release|Win32.Build.0 = Release|Win32
		{D1C9A516-5507-4BF0-878C-3D8F66B52C9D}.Release|x64.ActiveCfg = Release|Win32
	EndGlobalSection
	GlobalSection(SolutionProperties) = preSolution
		HideSolutionNode = FALSE
	EndGlobalSection
EndGlobal
